// !$*UTF8*$!
{
	archiveVersion = 1;
	classes = {
	};
	objectVersion = 50;
	objects = {

/* Begin PBXBuildFile section */
		CF068744246044FE00A74C32 /* GamesListView.swift in Sources */ = {isa = PBXBuildFile; fileRef = CF068743246044FE00A74C32 /* GamesListView.swift */; };
		CF0687462460456000A74C32 /* Game.swift in Sources */ = {isa = PBXBuildFile; fileRef = CF0687452460456000A74C32 /* Game.swift */; };
		CF530D40246048FC006EDD6A /* GameView.swift in Sources */ = {isa = PBXBuildFile; fileRef = CF530D3F246048FC006EDD6A /* GameView.swift */; };
		CF530D43246049F9006EDD6A /* AboutView.swift in Sources */ = {isa = PBXBuildFile; fileRef = CF530D42246049F9006EDD6A /* AboutView.swift */; };
		CFE1F69224603F0C00447E48 /* RootView.swift in Sources */ = {isa = PBXBuildFile; fileRef = CFE1F69124603F0C00447E48 /* RootView.swift */; };
		CFFF5B7424603BB400C517D8 /* AppDelegate.swift in Sources */ = {isa = PBXBuildFile; fileRef = CFFF5B7324603BB400C517D8 /* AppDelegate.swift */; };
		CFFF5B7624603BB400C517D8 /* SceneDelegate.swift in Sources */ = {isa = PBXBuildFile; fileRef = CFFF5B7524603BB400C517D8 /* SceneDelegate.swift */; };
		CFFF5B7A24603BB500C517D8 /* Assets.xcassets in Resources */ = {isa = PBXBuildFile; fileRef = CFFF5B7924603BB500C517D8 /* Assets.xcassets */; };
		CFFF5B7D24603BB500C517D8 /* Preview Assets.xcassets in Resources */ = {isa = PBXBuildFile; fileRef = CFFF5B7C24603BB500C517D8 /* Preview Assets.xcassets */; };
		CFFF5B8024603BB500C517D8 /* LaunchScreen.storyboard in Resources */ = {isa = PBXBuildFile; fileRef = CFFF5B7E24603BB500C517D8 /* LaunchScreen.storyboard */; };
/* End PBXBuildFile section */

/* Begin PBXFileReference section */
		CF068743246044FE00A74C32 /* GamesListView.swift */ = {isa = PBXFileReference; lastKnownFileType = sourcecode.swift; path = GamesListView.swift; sourceTree = "<group>"; };
		CF0687452460456000A74C32 /* Game.swift */ = {isa = PBXFileReference; lastKnownFileType = sourcecode.swift; path = Game.swift; sourceTree = "<group>"; };
		CF530D3F246048FC006EDD6A /* GameView.swift */ = {isa = PBXFileReference; lastKnownFileType = sourcecode.swift; path = GameView.swift; sourceTree = "<group>"; };
		CF530D42246049F9006EDD6A /* AboutView.swift */ = {isa = PBXFileReference; lastKnownFileType = sourcecode.swift; path = AboutView.swift; sourceTree = "<group>"; };
		CFE1F69124603F0C00447E48 /* RootView.swift */ = {isa = PBXFileReference; fileEncoding = 4; lastKnownFileType = sourcecode.swift; path = RootView.swift; sourceTree = "<group>"; };
		CFFF5B7024603BB400C517D8 /* SwiftUINavigationSample.app */ = {isa = PBXFileReference; explicitFileType = wrapper.application; includeInIndex = 0; path = SwiftUINavigationSample.app; sourceTree = BUILT_PRODUCTS_DIR; };
		CFFF5B7324603BB400C517D8 /* AppDelegate.swift */ = {isa = PBXFileReference; lastKnownFileType = sourcecode.swift; path = AppDelegate.swift; sourceTree = "<group>"; };
		CFFF5B7524603BB400C517D8 /* SceneDelegate.swift */ = {isa = PBXFileReference; lastKnownFileType = sourcecode.swift; path = SceneDelegate.swift; sourceTree = "<group>"; };
		CFFF5B7924603BB500C517D8 /* Assets.xcassets */ = {isa = PBXFileReference; lastKnownFileType = folder.assetcatalog; path = Assets.xcassets; sourceTree = "<group>"; };
		CFFF5B7C24603BB500C517D8 /* Preview Assets.xcassets */ = {isa = PBXFileReference; lastKnownFileType = folder.assetcatalog; path = "Preview Assets.xcassets"; sourceTree = "<group>"; };
		CFFF5B7F24603BB500C517D8 /* Base */ = {isa = PBXFileReference; lastKnownFileType = file.storyboard; name = Base; path = Base.lproj/LaunchScreen.storyboard; sourceTree = "<group>"; };
		CFFF5B8124603BB500C517D8 /* Info.plist */ = {isa = PBXFileReference; lastKnownFileType = text.plist.xml; path = Info.plist; sourceTree = "<group>"; };
/* End PBXFileReference section */

/* Begin PBXFrameworksBuildPhase section */
		CFFF5B6D24603BB400C517D8 /* Frameworks */ = {
			isa = PBXFrameworksBuildPhase;
			buildActionMask = 2147483647;
			files = (
			);
			runOnlyForDeploymentPostprocessing = 0;
		};
/* End PBXFrameworksBuildPhase section */

/* Begin PBXGroup section */
		CF068742246044C200A74C32 /* GamesList */ = {
			isa = PBXGroup;
			children = (
				CF0687452460456000A74C32 /* Game.swift */,
				CF068743246044FE00A74C32 /* GamesListView.swift */,
				CF0687472460465100A74C32 /* Game */,
			);
			path = GamesList;
			sourceTree = "<group>";
		};
		CF0687472460465100A74C32 /* Game */ = {
			isa = PBXGroup;
			children = (
				CF530D3F246048FC006EDD6A /* GameView.swift */,
			);
			path = Game;
			sourceTree = "<group>";
		};
		CF530D41246049E8006EDD6A /* About */ = {
			isa = PBXGroup;
			children = (
				CF530D42246049F9006EDD6A /* AboutView.swift */,
			);
			path = About;
			sourceTree = "<group>";
		};
		CFE1F6942460403B00447E48 /* Support */ = {
			isa = PBXGroup;
			children = (
				CFFF5B7E24603BB500C517D8 /* LaunchScreen.storyboard */,
				CFFF5B7924603BB500C517D8 /* Assets.xcassets */,
				CFFF5B7524603BB400C517D8 /* SceneDelegate.swift */,
				CFFF5B7324603BB400C517D8 /* AppDelegate.swift */,
				CFFF5B7B24603BB500C517D8 /* Preview Content */,
				CFFF5B8124603BB500C517D8 /* Info.plist */,
			);
			name = Support;
			sourceTree = "<group>";
		};
		CFE1F697246040F400447E48 /* Root */ = {
			isa = PBXGroup;
			children = (
				CF530D41246049E8006EDD6A /* About */,
				CF068742246044C200A74C32 /* GamesList */,
				CFE1F69124603F0C00447E48 /* RootView.swift */,
			);
			path = Root;
			sourceTree = "<group>";
		};
		CFFF5B6724603BB400C517D8 = {
			isa = PBXGroup;
			children = (
				CFFF5B7224603BB400C517D8 /* SwiftUINavigationSample */,
				CFFF5B7124603BB400C517D8 /* Products */,
			);
			sourceTree = "<group>";
		};
		CFFF5B7124603BB400C517D8 /* Products */ = {
			isa = PBXGroup;
			children = (
				CFFF5B7024603BB400C517D8 /* SwiftUINavigationSample.app */,
			);
			name = Products;
			sourceTree = "<group>";
		};
		CFFF5B7224603BB400C517D8 /* SwiftUINavigationSample */ = {
			isa = PBXGroup;
			children = (
				CFE1F697246040F400447E48 /* Root */,
				CFE1F6942460403B00447E48 /* Support */,
			);
			path = SwiftUINavigationSample;
			sourceTree = "<group>";
		};
		CFFF5B7B24603BB500C517D8 /* Preview Content */ = {
			isa = PBXGroup;
			children = (
				CFFF5B7C24603BB500C517D8 /* Preview Assets.xcassets */,
			);
			path = "Preview Content";
			sourceTree = "<group>";
		};
/* End PBXGroup section */

/* Begin PBXNativeTarget section */
		CFFF5B6F24603BB400C517D8 /* SwiftUINavigationSample */ = {
			isa = PBXNativeTarget;
			buildConfigurationList = CFFF5B8424603BB500C517D8 /* Build configuration list for PBXNativeTarget "SwiftUINavigationSample" */;
			buildPhases = (
				CFFF5B6C24603BB400C517D8 /* Sources */,
				CFFF5B6D24603BB400C517D8 /* Frameworks */,
				CFFF5B6E24603BB400C517D8 /* Resources */,
			);
			buildRules = (
			);
			dependencies = (
			);
			name = SwiftUINavigationSample;
			productName = SwiftUINavigationSample;
			productReference = CFFF5B7024603BB400C517D8 /* SwiftUINavigationSample.app */;
			productType = "com.apple.product-type.application";
		};
/* End PBXNativeTarget section */

/* Begin PBXProject section */
		CFFF5B6824603BB400C517D8 /* Project object */ = {
			isa = PBXProject;
			attributes = {
				LastSwiftUpdateCheck = 1140;
				LastUpgradeCheck = 1140;
				ORGANIZATIONNAME = FuzzzzyBoy;
				TargetAttributes = {
					CFFF5B6F24603BB400C517D8 = {
						CreatedOnToolsVersion = 11.4.1;
					};
				};
			};
			buildConfigurationList = CFFF5B6B24603BB400C517D8 /* Build configuration list for PBXProject "SwiftUINavigationSample" */;
			compatibilityVersion = "Xcode 9.3";
			developmentRegion = en;
			hasScannedForEncodings = 0;
			knownRegions = (
				en,
				Base,
			);
			mainGroup = CFFF5B6724603BB400C517D8;
			productRefGroup = CFFF5B7124603BB400C517D8 /* Products */;
			projectDirPath = "";
			projectRoot = "";
			targets = (
				CFFF5B6F24603BB400C517D8 /* SwiftUINavigationSample */,
			);
		};
/* End PBXProject section */

/* Begin PBXResourcesBuildPhase section */
		CFFF5B6E24603BB400C517D8 /* Resources */ = {
			isa = PBXResourcesBuildPhase;
			buildActionMask = 2147483647;
			files = (
				CFFF5B8024603BB500C517D8 /* LaunchScreen.storyboard in Resources */,
				CFFF5B7D24603BB500C517D8 /* Preview Assets.xcassets in Resources */,
				CFFF5B7A24603BB500C517D8 /* Assets.xcassets in Resources */,
			);
			runOnlyForDeploymentPostprocessing = 0;
		};
/* End PBXResourcesBuildPhase section */

/* Begin PBXSourcesBuildPhase section */
		CFFF5B6C24603BB400C517D8 /* Sources */ = {
			isa = PBXSourcesBuildPhase;
			buildActionMask = 2147483647;
			files = (
				CFFF5B7424603BB400C517D8 /* AppDelegate.swift in Sources */,
				CF530D43246049F9006EDD6A /* AboutView.swift in Sources */,
				CF0687462460456000A74C32 /* Game.swift in Sources */,
				CFFF5B7624603BB400C517D8 /* SceneDelegate.swift in Sources */,
				CF068744246044FE00A74C32 /* GamesListView.swift in Sources */,
				CF530D40246048FC006EDD6A /* GameView.swift in Sources */,
				CFE1F69224603F0C00447E48 /* RootView.swift in Sources */,
			);
			runOnlyForDeploymentPostprocessing = 0;
		};
/* End PBXSourcesBuildPhase section */

/* Begin PBXVariantGroup section */
		CFFF5B7E24603BB500C517D8 /* LaunchScreen.storyboard */ = {
			isa = PBXVariantGroup;
			children = (
				CFFF5B7F24603BB500C517D8 /* Base */,
			);
			name = LaunchScreen.storyboard;
			sourceTree = "<group>";
		};
/* End PBXVariantGroup section */

/* Begin XCBuildConfiguration section */
		CFFF5B8224603BB500C517D8 /* Debug */ = {
			isa = XCBuildConfiguration;
			buildSettings = {
				ALWAYS_SEARCH_USER_PATHS = NO;
				CLANG_ANALYZER_NONNULL = YES;
				CLANG_ANALYZER_NUMBER_OBJECT_CONVERSION = YES_AGGRESSIVE;
				CLANG_CXX_LANGUAGE_STANDARD = "gnu++14";
				CLANG_CXX_LIBRARY = "libc++";
				CLANG_ENABLE_MODULES = YES;
				CLANG_ENABLE_OBJC_ARC = YES;
				CLANG_ENABLE_OBJC_WEAK = YES;
				CLANG_WARN_BLOCK_CAPTURE_AUTORELEASING = YES;
				CLANG_WARN_BOOL_CONVERSION = YES;
				CLANG_WARN_COMMA = YES;
				CLANG_WARN_CONSTANT_CONVERSION = YES;
				CLANG_WARN_DEPRECATED_OBJC_IMPLEMENTATIONS = YES;
				CLANG_WARN_DIRECT_OBJC_ISA_USAGE = YES_ERROR;
				CLANG_WARN_DOCUMENTATION_COMMENTS = YES;
				CLANG_WARN_EMPTY_BODY = YES;
				CLANG_WARN_ENUM_CONVERSION = YES;
				CLANG_WARN_INFINITE_RECURSION = YES;
				CLANG_WARN_INT_CONVERSION = YES;
				CLANG_WARN_NON_LITERAL_NULL_CONVERSION = YES;
				CLANG_WARN_OBJC_IMPLICIT_RETAIN_SELF = YES;
				CLANG_WARN_OBJC_LITERAL_CONVERSION = YES;
				CLANG_WARN_OBJC_ROOT_CLASS = YES_ERROR;
				CLANG_WARN_RANGE_LOOP_ANALYSIS = YES;
				CLANG_WARN_STRICT_PROTOTYPES = YES;
				CLANG_WARN_SUSPICIOUS_MOVE = YES;
				CLANG_WARN_UNGUARDED_AVAILABILITY = YES_AGGRESSIVE;
				CLANG_WARN_UNREACHABLE_CODE = YES;
				CLANG_WARN__DUPLICATE_METHOD_MATCH = YES;
				COPY_PHASE_STRIP = NO;
				DEBUG_INFORMATION_FORMAT = dwarf;
				ENABLE_STRICT_OBJC_MSGSEND = YES;
				ENABLE_TESTABILITY = YES;
				GCC_C_LANGUAGE_STANDARD = gnu11;
				GCC_DYNAMIC_NO_PIC = NO;
				GCC_NO_COMMON_BLOCKS = YES;
				GCC_OPTIMIZATION_LEVEL = 0;
				GCC_PREPROCESSOR_DEFINITIONS = (
					"DEBUG=1",
					"$(inherited)",
				);
				GCC_WARN_64_TO_32_BIT_CONVERSION = YES;
				GCC_WARN_ABOUT_RETURN_TYPE = YES_ERROR;
				GCC_WARN_UNDECLARED_SELECTOR = YES;
				GCC_WARN_UNINITIALIZED_AUTOS = YES_AGGRESSIVE;
				GCC_WARN_UNUSED_FUNCTION = YES;
				GCC_WARN_UNUSED_VARIABLE = YES;
				IPHONEOS_DEPLOYMENT_TARGET = 13.4;
				MTL_ENABLE_DEBUG_INFO = INCLUDE_SOURCE;
				MTL_FAST_MATH = YES;
				ONLY_ACTIVE_ARCH = YES;
				SDKROOT = iphoneos;
				SWIFT_ACTIVE_COMPILATION_CONDITIONS = DEBUG;
				SWIFT_OPTIMIZATION_LEVEL = "-Onone";
			};
			name = Debug;
		};
		CFFF5B8324603BB500C517D8 /* Release */ = {
			isa = XCBuildConfiguration;
			buildSettings = {
				ALWAYS_SEARCH_USER_PATHS = NO;
				CLANG_ANALYZER_NONNULL = YES;
				CLANG_ANALYZER_NUMBER_OBJECT_CONVERSION = YES_AGGRESSIVE;
				CLANG_CXX_LANGUAGE_STANDARD = "gnu++14";
				CLANG_CXX_LIBRARY = "libc++";
				CLANG_ENABLE_MODULES = YES;
				CLANG_ENABLE_OBJC_ARC = YES;
				CLANG_ENABLE_OBJC_WEAK = YES;
				CLANG_WARN_BLOCK_CAPTURE_AUTORELEASING = YES;
				CLANG_WARN_BOOL_CONVERSION = YES;
				CLANG_WARN_COMMA = YES;
				CLANG_WARN_CONSTANT_CONVERSION = YES;
				CLANG_WARN_DEPRECATED_OBJC_IMPLEMENTATIONS = YES;
				CLANG_WARN_DIRECT_OBJC_ISA_USAGE = YES_ERROR;
				CLANG_WARN_DOCUMENTATION_COMMENTS = YES;
				CLANG_WARN_EMPTY_BODY = YES;
				CLANG_WARN_ENUM_CONVERSION = YES;
				CLANG_WARN_INFINITE_RECURSION = YES;
				CLANG_WARN_INT_CONVERSION = YES;
				CLANG_WARN_NON_LITERAL_NULL_CONVERSION = YES;
				CLANG_WARN_OBJC_IMPLICIT_RETAIN_SELF = YES;
				CLANG_WARN_OBJC_LITERAL_CONVERSION = YES;
				CLANG_WARN_OBJC_ROOT_CLASS = YES_ERROR;
				CLANG_WARN_RANGE_LOOP_ANALYSIS = YES;
				CLANG_WARN_STRICT_PROTOTYPES = YES;
				CLANG_WARN_SUSPICIOUS_MOVE = YES;
				CLANG_WARN_UNGUARDED_AVAILABILITY = YES_AGGRESSIVE;
				CLANG_WARN_UNREACHABLE_CODE = YES;
				CLANG_WARN__DUPLICATE_METHOD_MATCH = YES;
				COPY_PHASE_STRIP = NO;
				DEBUG_INFORMATION_FORMAT = "dwarf-with-dsym";
				ENABLE_NS_ASSERTIONS = NO;
				ENABLE_STRICT_OBJC_MSGSEND = YES;
				GCC_C_LANGUAGE_STANDARD = gnu11;
				GCC_NO_COMMON_BLOCKS = YES;
				GCC_WARN_64_TO_32_BIT_CONVERSION = YES;
				GCC_WARN_ABOUT_RETURN_TYPE = YES_ERROR;
				GCC_WARN_UNDECLARED_SELECTOR = YES;
				GCC_WARN_UNINITIALIZED_AUTOS = YES_AGGRESSIVE;
				GCC_WARN_UNUSED_FUNCTION = YES;
				GCC_WARN_UNUSED_VARIABLE = YES;
				IPHONEOS_DEPLOYMENT_TARGET = 13.4;
				MTL_ENABLE_DEBUG_INFO = NO;
				MTL_FAST_MATH = YES;
				SDKROOT = iphoneos;
				SWIFT_COMPILATION_MODE = wholemodule;
				SWIFT_OPTIMIZATION_LEVEL = "-O";
				VALIDATE_PRODUCT = YES;
			};
			name = Release;
		};
		CFFF5B8524603BB500C517D8 /* Debug */ = {
			isa = XCBuildConfiguration;
			buildSettings = {
				ASSETCATALOG_COMPILER_APPICON_NAME = AppIcon;
				CODE_SIGN_STYLE = Automatic;
				DEVELOPMENT_ASSET_PATHS = "\"SwiftUINavigationSample/Preview Content\"";
				DEVELOPMENT_TEAM = Y3R3Z3JF3Q;
				ENABLE_PREVIEWS = YES;
				INFOPLIST_FILE = SwiftUINavigationSample/Info.plist;
				LD_RUNPATH_SEARCH_PATHS = (
					"$(inherited)",
					"@executable_path/Frameworks",
				);
				PRODUCT_BUNDLE_IDENTIFIER = com.fuzzzzyboy.SwiftUINavigationSample;
				PRODUCT_NAME = "$(TARGET_NAME)";
				SWIFT_VERSION = 5.0;
				TARGETED_DEVICE_FAMILY = "1,2";
			};
			name = Debug;
		};
		CFFF5B8624603BB500C517D8 /* Release */ = {
			isa = XCBuildConfiguration;
			buildSettings = {
				ASSETCATALOG_COMPILER_APPICON_NAME = AppIcon;
				CODE_SIGN_STYLE = Automatic;
				DEVELOPMENT_ASSET_PATHS = "\"SwiftUINavigationSample/Preview Content\"";
				DEVELOPMENT_TEAM = Y3R3Z3JF3Q;
				ENABLE_PREVIEWS = YES;
				INFOPLIST_FILE = SwiftUINavigationSample/Info.plist;
				LD_RUNPATH_SEARCH_PATHS = (
					"$(inherited)",
					"@executable_path/Frameworks",
				);
				PRODUCT_BUNDLE_IDENTIFIER = com.fuzzzzyboy.SwiftUINavigationSample;
				PRODUCT_NAME = "$(TARGET_NAME)";
				SWIFT_VERSION = 5.0;
				TARGETED_DEVICE_FAMILY = "1,2";
			};
			name = Release;
		};
/* End XCBuildConfiguration section */

/* Begin XCConfigurationList section */
		CFFF5B6B24603BB400C517D8 /* Build configuration list for PBXProject "SwiftUINavigationSample" */ = {
			isa = XCConfigurationList;
			buildConfigurations = (
				CFFF5B8224603BB500C517D8 /* Debug */,
				CFFF5B8324603BB500C517D8 /* Release */,
			);
			defaultConfigurationIsVisible = 0;
			defaultConfigurationName = Release;
		};
		CFFF5B8424603BB500C517D8 /* Build configuration list for PBXNativeTarget "SwiftUINavigationSample" */ = {
			isa = XCConfigurationList;
			buildConfigurations = (
				CFFF5B8524603BB500C517D8 /* Debug */,
				CFFF5B8624603BB500C517D8 /* Release */,
			);
			defaultConfigurationIsVisible = 0;
			defaultConfigurationName = Release;
		};
/* End XCConfigurationList section */
	};
	rootObject = CFFF5B6824603BB400C517D8 /* Project object */;
}
